// !$*UTF8*$!
{
	archiveVersion = 1;
	classes = {
	};
	objectVersion = 63;
	objects = {

/* Begin PBXBuildFile section */
		013626EBC3F0D2330922DBB4 /* UserService.swift in Sources */ = {isa = PBXBuildFile; fileRef = F69E10D3F828040FC95C4473 /* UserService.swift */; };
		025936252521DFF041ED52CA /* PaymentTransaction.swift in Sources */ = {isa = PBXBuildFile; fileRef = 715027D4DA73F66B715CEE44 /* PaymentTransaction.swift */; };
		04C5C8BA964F70130DE8BFEE /* ChartsComponents.swift in Sources */ = {isa = PBXBuildFile; fileRef = 743475414BD5B8D4F3910F94 /* ChartsComponents.swift */; };
		051151F0A2AF98CC9CB19196 /* InAppNotificationTests.swift in Sources */ = {isa = PBXBuildFile; fileRef = 38F042C0BD40EFEE179B8DBD /* InAppNotificationTests.swift */; };
		0A517F527A976EF5024703D6 /* AdminService.swift in Sources */ = {isa = PBXBuildFile; fileRef = CFB268101F549A3724217D24 /* AdminService.swift */; };
		14F16803DACA4FD6D621A824 /* Subscription.storekit in Resources */ = {isa = PBXBuildFile; fileRef = 22459EF84AE7D0111D0729AC /* Subscription.storekit */; };
		1A9F5F317520A5460B189FA7 /* NotificationBellButton.swift in Sources */ = {isa = PBXBuildFile; fileRef = AB8A02A4DD937DA413685E94 /* NotificationBellButton.swift */; };
		1B5FDEFE51415F08F0D1556C /* InvitationService.swift in Sources */ = {isa = PBXBuildFile; fileRef = 2EACE436B1E398956A48E04B /* InvitationService.swift */; };
		1D20D179D774AC564A8D28E9 /* Connection.swift in Sources */ = {isa = PBXBuildFile; fileRef = 51B7F6B4B50C095F69781178 /* Connection.swift */; };
		22267D93511B9331AE3D45C7 /* SubscriptionService.swift in Sources */ = {isa = PBXBuildFile; fileRef = 6EB21BACDD2B81E0EDF9EE0E /* SubscriptionService.swift */; };
		243700801CF51894FD86773D /* ConnectionManagementView.swift in Sources */ = {isa = PBXBuildFile; fileRef = C293F4AECBF489F35F283E96 /* ConnectionManagementView.swift */; };
		3671141663B151B7F2AF4192 /* SenderDashboardViewModel.swift in Sources */ = {isa = PBXBuildFile; fileRef = 289DCD9977605891CCD89756 /* SenderDashboardViewModel.swift */; };
		40281519BB49DB9C5CC04CDE /* StoreKitManager.swift in Sources */ = {isa = PBXBuildFile; fileRef = 9B07C87B628C56FB27ABEA62 /* StoreKitManager.swift */; };
		47F69638D00C925F991A3DDC /* PRUUFTests.swift in Sources */ = {isa = PBXBuildFile; fileRef = 447ED6F2BED7FA787DBB9F70 /* PRUUFTests.swift */; };
		4C6563BF4FEEA2D5A747E27F /* NotificationCenterView.swift in Sources */ = {isa = PBXBuildFile; fileRef = 8699F3BF552B853F924FE841 /* NotificationCenterView.swift */; };
		4CB7613A12F4F6C38627F016 /* BreakEdgeCaseTests.swift in Sources */ = {isa = PBXBuildFile; fileRef = 035302941FF15D0E10090949 /* BreakEdgeCaseTests.swift */; };
		4F27853372701CF4F9D9446D /* LoadingStates.swift in Sources */ = {isa = PBXBuildFile; fileRef = A38E81931D5B6B73C82B7239 /* LoadingStates.swift */; };
		50C31CBECE0970D5C6EF474C /* AccountManagementService.swift in Sources */ = {isa = PBXBuildFile; fileRef = 147AFFA3681CE7E828500C81 /* AccountManagementService.swift */; };
		537FBB1EFB84C4025C375A84 /* ScheduleBreakView.swift in Sources */ = {isa = PBXBuildFile; fileRef = DB8DD3FE8A027630465F914B /* ScheduleBreakView.swift */; };
		54E847C635BC97448BCB8A42 /* DashboardFeature.swift in Sources */ = {isa = PBXBuildFile; fileRef = 93D1D149C7E95D11E447D36D /* DashboardFeature.swift */; };
		57E6B0833E574E1DAE7E8565 /* Assets.xcassets in Resources */ = {isa = PBXBuildFile; fileRef = 93D1F881EB3F3716A03EE1BD /* Assets.xcassets */; };
		5875D4FDC60A8286D72744D5 /* PingNotificationSchedulerTests.swift in Sources */ = {isa = PBXBuildFile; fileRef = 8C7D6794FA670B839D338043 /* PingNotificationSchedulerTests.swift */; };
		589B39EE4D369CAF371A8E7F /* NotificationPreferencesService.swift in Sources */ = {isa = PBXBuildFile; fileRef = 67A0A8A51F92CF00E3C02E0F /* NotificationPreferencesService.swift */; };
		5B86045EB27DD380D14E9D8D /* Utilities.swift in Sources */ = {isa = PBXBuildFile; fileRef = CB29C8AD10E6112E0F641E89 /* Utilities.swift */; };
		63A81CF3A8F5F7C9B9542D40 /* BreakService.swift in Sources */ = {isa = PBXBuildFile; fileRef = 2AFFDE53DE718BE0CB582B97 /* BreakService.swift */; };
		66564D13C4AF930F2D735298 /* PruufApp.swift in Sources */ = {isa = PBXBuildFile; fileRef = D39F18349724A3F634ECAAAA /* PruufApp.swift */; };
		682D6BA17EB3B29A3BFCF2ED /* AuthService.swift in Sources */ = {isa = PBXBuildFile; fileRef = 3714C5814BA302E7282C68ED /* AuthService.swift */; };
		6EE1279EE9DCED90EB66B36D /* BreaksListView.swift in Sources */ = {isa = PBXBuildFile; fileRef = 425D8EC4A5A427E848B0A67B /* BreaksListView.swift */; };
		710920E33C55613B60C72DF6 /* ReceiverOnboardingViews.swift in Sources */ = {isa = PBXBuildFile; fileRef = E4B56E5D8260FA764CAEB9BD /* ReceiverOnboardingViews.swift */; };
		75C00EF6D003538AA56CB929 /* ReceiverDashboardViewModel.swift in Sources */ = {isa = PBXBuildFile; fileRef = 6FBF670D01AA88C138AC79B7 /* ReceiverDashboardViewModel.swift */; };
		7A9BCD8B56B0F527209D69C3 /* NotificationSettingsView.swift in Sources */ = {isa = PBXBuildFile; fileRef = 620B04ABBDA8D46F757FB37C /* NotificationSettingsView.swift */; };
		7C59A0E670440311D6FE1932 /* ReceiverDashboardView.swift in Sources */ = {isa = PBXBuildFile; fileRef = CC1A6877C37650A65FF8A246 /* ReceiverDashboardView.swift */; };
		7D5B24C5D3DA0B7DB1182078 /* Supabase in Frameworks */ = {isa = PBXBuildFile; productRef = 124AB8DE4A8F44DD0E5CCBD9 /* Supabase */; };
		8456AB75868B1CEC4D381763 /* UserStoriesNotificationsTests.swift in Sources */ = {isa = PBXBuildFile; fileRef = 04582E7880F409C5238503A4 /* UserStoriesNotificationsTests.swift */; };
		85C16DB07D1272F973AE3746 /* ConnectionService.swift in Sources */ = {isa = PBXBuildFile; fileRef = 0F12109BADAD0CF5F12375E4 /* ConnectionService.swift */; };
		87CB1637BFA7F66765BB4835 /* LocationService.swift in Sources */ = {isa = PBXBuildFile; fileRef = E95B59C9CDDFF6273EBFD980 /* LocationService.swift */; };
		8A82794B8B1D28641A8EBE47 /* AdminDashboardFeature.swift in Sources */ = {isa = PBXBuildFile; fileRef = 4128AD51454ACAA14882FE18 /* AdminDashboardFeature.swift */; };
		950CA1C8C9A41D92C6D5DAA1 /* Break.swift in Sources */ = {isa = PBXBuildFile; fileRef = 466EAFFA3EC645213B045955 /* Break.swift */; };
		9D3F05E46E20C8CDC6DA7D77 /* AuthenticationFeature.swift in Sources */ = {isa = PBXBuildFile; fileRef = 5C6CD4F4D55A913585776F09 /* AuthenticationFeature.swift */; };
		9DF083FC66F706BE8F6CF4A4 /* SharedComponents.swift in Sources */ = {isa = PBXBuildFile; fileRef = 1C98C21D157084D521FEEFE4 /* SharedComponents.swift */; };
		SCB02024020100000002 /* SenderCodeBadge.swift in Sources */ = {isa = PBXBuildFile; fileRef = SCB02024020100000001 /* SenderCodeBadge.swift */; };
		9EBEBFF029E9502F604F290B /* AppDelegate.swift in Sources */ = {isa = PBXBuildFile; fileRef = 7C41599CE8DE6A5551B84222 /* AppDelegate.swift */; };
		A0681D166FA210D70F0EBF6C /* OnboardingFeature.swift in Sources */ = {isa = PBXBuildFile; fileRef = 83980736708E7CFFABA6CEC6 /* OnboardingFeature.swift */; };
		A122FB096D87D6358885ACDA /* NotificationService.swift in Sources */ = {isa = PBXBuildFile; fileRef = 42A8BDC595446E9C8CC12ACB /* NotificationService.swift */; };
		A5AF3501ECB68A6980DDD997 /* RoleSelectionService.swift in Sources */ = {isa = PBXBuildFile; fileRef = 91E855913B97C1BC8178171E /* RoleSelectionService.swift */; };
		A5EBFA2FA27FE9F5B1BD3B13 /* AuditLog.swift in Sources */ = {isa = PBXBuildFile; fileRef = FDB6580CBEDB420D3992CEF5 /* AuditLog.swift */; };
		A658FFF48522103A7E4F2AA6 /* SupabaseConfig.swift in Sources */ = {isa = PBXBuildFile; fileRef = 362C819F2E7B1F737E87E253 /* SupabaseConfig.swift */; };
		AB56D9E5CDF2026DDA73D159 /* DesignSystem.swift in Sources */ = {isa = PBXBuildFile; fileRef = FAB134A14899301B5FED5ACE /* DesignSystem.swift */; };
		ACC1D2A358595055DC47F790 /* SenderDashboardView.swift in Sources */ = {isa = PBXBuildFile; fileRef = 937DB6A451F782613F9BF136 /* SenderDashboardView.swift */; };
		B63DF45F41A0090A176B6A69 /* Ping.swift in Sources */ = {isa = PBXBuildFile; fileRef = 2FE07DA61A96C0E67F6D1519 /* Ping.swift */; };
		BD2D1A09302C35DE5E81A54A /* InAppNotificationStore.swift in Sources */ = {isa = PBXBuildFile; fileRef = A98E8EC93A08132DE28D6EC0 /* InAppNotificationStore.swift */; };
		C22EAA9D6C2365AE706A5FAA /* Extensions.swift in Sources */ = {isa = PBXBuildFile; fileRef = F1DA25FB10A8E94353E2C878 /* Extensions.swift */; };
		C70AB324606EBB4420B40D10 /* SubscriptionFeature.swift in Sources */ = {isa = PBXBuildFile; fileRef = F76A9862B93FEAB80BCCEE79 /* SubscriptionFeature.swift */; };
		C7822139FF38FFE96A4EBEAD /* AdminConfig.swift in Sources */ = {isa = PBXBuildFile; fileRef = AC9CEC58CBAB966112ABD7B6 /* AdminConfig.swift */; };
		C8536B7C50230BB01A3B7C33 /* KeychainSwift in Frameworks */ = {isa = PBXBuildFile; productRef = BBFF1B8156A79AD50CD222B3 /* KeychainSwift */; };
		C8A7B2EC826C0C64805206E3 /* BreakDetailView.swift in Sources */ = {isa = PBXBuildFile; fileRef = 68742213A93F2E833815C196 /* BreakDetailView.swift */; };
		D14D459617817F5848C0A65B /* PingService.swift in Sources */ = {isa = PBXBuildFile; fileRef = 2832DE48EFEC959439D86807 /* PingService.swift */; };
		D54FC1F80E90E7AAF14088F0 /* Notification.swift in Sources */ = {isa = PBXBuildFile; fileRef = F8E9D838BD10C92CD6AB87E4 /* Notification.swift */; };
		D5A8D10CABA6ED2A65089CBF /* DataExportService.swift in Sources */ = {isa = PBXBuildFile; fileRef = AAC0214CF19BC9B049587DD2 /* DataExportService.swift */; };
		DCFFCAC7644D9CEE2DE5E809 /* NotificationsFeature.swift in Sources */ = {isa = PBXBuildFile; fileRef = FBEE61D23B5921488DDAD27A /* NotificationsFeature.swift */; };
		DF7E318739E67111670BA0EB /* SenderOnboardingViews.swift in Sources */ = {isa = PBXBuildFile; fileRef = 22217711CE2DA9FE3A91D88C /* SenderOnboardingViews.swift */; };
		E5B1EC9D86F70299D72C1CB3 /* SettingsFeature.swift in Sources */ = {isa = PBXBuildFile; fileRef = 8EE4BCF3A8D0A7314F2222F6 /* SettingsFeature.swift */; };
		EA18A5C2DFF684546C1095ED /* ConnectionsFeature.swift in Sources */ = {isa = PBXBuildFile; fileRef = 6FDC624159F261833EA52979 /* ConnectionsFeature.swift */; };
		RCVE2024020100000002 /* ReceiverCodeEntryView.swift in Sources */ = {isa = PBXBuildFile; fileRef = RCVE2024020100000001 /* ReceiverCodeEntryView.swift */; };
		CPVW2024020100000002 /* ContactPickerView.swift in Sources */ = {isa = PBXBuildFile; fileRef = CPVW2024020100000001 /* ContactPickerView.swift */; };
		F037100AED2284E444F4C249 /* Config.swift in Sources */ = {isa = PBXBuildFile; fileRef = 1800878F829F3179C0A0BFAD /* Config.swift */; };
		F2BE7BF54B84D79637FB5CCB /* PingNotificationScheduler.swift in Sources */ = {isa = PBXBuildFile; fileRef = D34F909FDD4C4013CC4E5603 /* PingNotificationScheduler.swift */; };
		F83AFEE375534AAF33DEB92F /* User.swift in Sources */ = {isa = PBXBuildFile; fileRef = B3F4B383873B450BDB9EBCFB /* User.swift */; };
/* End PBXBuildFile section */

/* Begin PBXContainerItemProxy section */
		CFAC312E880A972C2D30ED7F /* PBXContainerItemProxy */ = {
			isa = PBXContainerItemProxy;
			containerPortal = 51A74216B3B4B02DA1B130AB /* Project object */;
			proxyType = 1;
			remoteGlobalIDString = 9BF1BFD9CF086696F5C1E969;
			remoteInfo = PRUUF;
		};
/* End PBXContainerItemProxy section */

/* Begin PBXFileReference section */
		035302941FF15D0E10090949 /* BreakEdgeCaseTests.swift */ = {isa = PBXFileReference; lastKnownFileType = sourcecode.swift; path = BreakEdgeCaseTests.swift; sourceTree = "<group>"; };
		04582E7880F409C5238503A4 /* UserStoriesNotificationsTests.swift */ = {isa = PBXFileReference; lastKnownFileType = sourcecode.swift; path = UserStoriesNotificationsTests.swift; sourceTree = "<group>"; };
		0F12109BADAD0CF5F12375E4 /* ConnectionService.swift */ = {isa = PBXFileReference; lastKnownFileType = sourcecode.swift; path = ConnectionService.swift; sourceTree = "<group>"; };
		147AFFA3681CE7E828500C81 /* AccountManagementService.swift */ = {isa = PBXFileReference; lastKnownFileType = sourcecode.swift; path = AccountManagementService.swift; sourceTree = "<group>"; };
		1800878F829F3179C0A0BFAD /* Config.swift */ = {isa = PBXFileReference; lastKnownFileType = sourcecode.swift; path = Config.swift; sourceTree = "<group>"; };
		1C98C21D157084D521FEEFE4 /* SharedComponents.swift */ = {isa = PBXFileReference; lastKnownFileType = sourcecode.swift; path = SharedComponents.swift; sourceTree = "<group>"; };
		SCB02024020100000001 /* SenderCodeBadge.swift */ = {isa = PBXFileReference; lastKnownFileType = sourcecode.swift; path = SenderCodeBadge.swift; sourceTree = "<group>"; };
		22217711CE2DA9FE3A91D88C /* SenderOnboardingViews.swift */ = {isa = PBXFileReference; lastKnownFileType = sourcecode.swift; path = SenderOnboardingViews.swift; sourceTree = "<group>"; };
		22459EF84AE7D0111D0729AC /* Subscription.storekit */ = {isa = PBXFileReference; lastKnownFileType = text; path = Subscription.storekit; sourceTree = "<group>"; };
		2832DE48EFEC959439D86807 /* PingService.swift */ = {isa = PBXFileReference; lastKnownFileType = sourcecode.swift; path = PingService.swift; sourceTree = "<group>"; };
		289DCD9977605891CCD89756 /* SenderDashboardViewModel.swift */ = {isa = PBXFileReference; lastKnownFileType = sourcecode.swift; path = SenderDashboardViewModel.swift; sourceTree = "<group>"; };
		2AFFDE53DE718BE0CB582B97 /* BreakService.swift */ = {isa = PBXFileReference; lastKnownFileType = sourcecode.swift; path = BreakService.swift; sourceTree = "<group>"; };
		2B637B480680521EDCA26D93 /* PRUUFTests.xctest */ = {isa = PBXFileReference; explicitFileType = wrapper.cfbundle; includeInIndex = 0; path = PRUUFTests.xctest; sourceTree = BUILT_PRODUCTS_DIR; };
		2EACE436B1E398956A48E04B /* InvitationService.swift */ = {isa = PBXFileReference; lastKnownFileType = sourcecode.swift; path = InvitationService.swift; sourceTree = "<group>"; };
		2FE07DA61A96C0E67F6D1519 /* Ping.swift */ = {isa = PBXFileReference; lastKnownFileType = sourcecode.swift; path = Ping.swift; sourceTree = "<group>"; };
		362C819F2E7B1F737E87E253 /* SupabaseConfig.swift */ = {isa = PBXFileReference; lastKnownFileType = sourcecode.swift; path = SupabaseConfig.swift; sourceTree = "<group>"; };
		3714C5814BA302E7282C68ED /* AuthService.swift */ = {isa = PBXFileReference; lastKnownFileType = sourcecode.swift; path = AuthService.swift; sourceTree = "<group>"; };
		38F042C0BD40EFEE179B8DBD /* InAppNotificationTests.swift */ = {isa = PBXFileReference; lastKnownFileType = sourcecode.swift; path = InAppNotificationTests.swift; sourceTree = "<group>"; };
		4128AD51454ACAA14882FE18 /* AdminDashboardFeature.swift */ = {isa = PBXFileReference; lastKnownFileType = sourcecode.swift; path = AdminDashboardFeature.swift; sourceTree = "<group>"; };
		425D8EC4A5A427E848B0A67B /* BreaksListView.swift */ = {isa = PBXFileReference; lastKnownFileType = sourcecode.swift; path = BreaksListView.swift; sourceTree = "<group>"; };
		42A8BDC595446E9C8CC12ACB /* NotificationService.swift */ = {isa = PBXFileReference; lastKnownFileType = sourcecode.swift; path = NotificationService.swift; sourceTree = "<group>"; };
		447ED6F2BED7FA787DBB9F70 /* PRUUFTests.swift */ = {isa = PBXFileReference; lastKnownFileType = sourcecode.swift; path = PRUUFTests.swift; sourceTree = "<group>"; };
		466EAFFA3EC645213B045955 /* Break.swift */ = {isa = PBXFileReference; lastKnownFileType = sourcecode.swift; path = Break.swift; sourceTree = "<group>"; };
		51B7F6B4B50C095F69781178 /* Connection.swift */ = {isa = PBXFileReference; lastKnownFileType = sourcecode.swift; path = Connection.swift; sourceTree = "<group>"; };
		5C6CD4F4D55A913585776F09 /* AuthenticationFeature.swift */ = {isa = PBXFileReference; lastKnownFileType = sourcecode.swift; path = AuthenticationFeature.swift; sourceTree = "<group>"; };
		620B04ABBDA8D46F757FB37C /* NotificationSettingsView.swift */ = {isa = PBXFileReference; lastKnownFileType = sourcecode.swift; path = NotificationSettingsView.swift; sourceTree = "<group>"; };
		62BEC73AD229C49FB74D9599 /* Info.plist */ = {isa = PBXFileReference; lastKnownFileType = text.plist; path = Info.plist; sourceTree = "<group>"; };
		67A0A8A51F92CF00E3C02E0F /* NotificationPreferencesService.swift */ = {isa = PBXFileReference; lastKnownFileType = sourcecode.swift; path = NotificationPreferencesService.swift; sourceTree = "<group>"; };
		68742213A93F2E833815C196 /* BreakDetailView.swift */ = {isa = PBXFileReference; lastKnownFileType = sourcecode.swift; path = BreakDetailView.swift; sourceTree = "<group>"; };
		6EB21BACDD2B81E0EDF9EE0E /* SubscriptionService.swift */ = {isa = PBXFileReference; lastKnownFileType = sourcecode.swift; path = SubscriptionService.swift; sourceTree = "<group>"; };
		6FBF670D01AA88C138AC79B7 /* ReceiverDashboardViewModel.swift */ = {isa = PBXFileReference; lastKnownFileType = sourcecode.swift; path = ReceiverDashboardViewModel.swift; sourceTree = "<group>"; };
		6FDC624159F261833EA52979 /* ConnectionsFeature.swift */ = {isa = PBXFileReference; lastKnownFileType = sourcecode.swift; path = ConnectionsFeature.swift; sourceTree = "<group>"; };
		RCVE2024020100000001 /* ReceiverCodeEntryView.swift */ = {isa = PBXFileReference; lastKnownFileType = sourcecode.swift; path = ReceiverCodeEntryView.swift; sourceTree = "<group>"; };
		CPVW2024020100000001 /* ContactPickerView.swift */ = {isa = PBXFileReference; lastKnownFileType = sourcecode.swift; path = ContactPickerView.swift; sourceTree = "<group>"; };
		715027D4DA73F66B715CEE44 /* PaymentTransaction.swift */ = {isa = PBXFileReference; lastKnownFileType = sourcecode.swift; path = PaymentTransaction.swift; sourceTree = "<group>"; };
		743475414BD5B8D4F3910F94 /* ChartsComponents.swift */ = {isa = PBXFileReference; lastKnownFileType = sourcecode.swift; path = ChartsComponents.swift; sourceTree = "<group>"; };
		7C41599CE8DE6A5551B84222 /* AppDelegate.swift */ = {isa = PBXFileReference; lastKnownFileType = sourcecode.swift; path = AppDelegate.swift; sourceTree = "<group>"; };
		83980736708E7CFFABA6CEC6 /* OnboardingFeature.swift */ = {isa = PBXFileReference; lastKnownFileType = sourcecode.swift; path = OnboardingFeature.swift; sourceTree = "<group>"; };
		8699F3BF552B853F924FE841 /* NotificationCenterView.swift */ = {isa = PBXFileReference; lastKnownFileType = sourcecode.swift; path = NotificationCenterView.swift; sourceTree = "<group>"; };
		8C7D6794FA670B839D338043 /* PingNotificationSchedulerTests.swift */ = {isa = PBXFileReference; lastKnownFileType = sourcecode.swift; path = PingNotificationSchedulerTests.swift; sourceTree = "<group>"; };
		8EE4BCF3A8D0A7314F2222F6 /* SettingsFeature.swift */ = {isa = PBXFileReference; lastKnownFileType = sourcecode.swift; path = SettingsFeature.swift; sourceTree = "<group>"; };
		91E855913B97C1BC8178171E /* RoleSelectionService.swift */ = {isa = PBXFileReference; lastKnownFileType = sourcecode.swift; path = RoleSelectionService.swift; sourceTree = "<group>"; };
		937DB6A451F782613F9BF136 /* SenderDashboardView.swift */ = {isa = PBXFileReference; lastKnownFileType = sourcecode.swift; path = SenderDashboardView.swift; sourceTree = "<group>"; };
		939BAE5FB0ED9B0E5B6DEA96 /* PRUUF.entitlements */ = {isa = PBXFileReference; lastKnownFileType = text.plist.entitlements; path = PRUUF.entitlements; sourceTree = "<group>"; };
		93D1D149C7E95D11E447D36D /* DashboardFeature.swift */ = {isa = PBXFileReference; lastKnownFileType = sourcecode.swift; path = DashboardFeature.swift; sourceTree = "<group>"; };
		93D1F881EB3F3716A03EE1BD /* Assets.xcassets */ = {isa = PBXFileReference; lastKnownFileType = folder.assetcatalog; path = Assets.xcassets; sourceTree = "<group>"; };
		9B07C87B628C56FB27ABEA62 /* StoreKitManager.swift */ = {isa = PBXFileReference; lastKnownFileType = sourcecode.swift; path = StoreKitManager.swift; sourceTree = "<group>"; };
		A38E81931D5B6B73C82B7239 /* LoadingStates.swift */ = {isa = PBXFileReference; lastKnownFileType = sourcecode.swift; path = LoadingStates.swift; sourceTree = "<group>"; };
		A98E8EC93A08132DE28D6EC0 /* InAppNotificationStore.swift */ = {isa = PBXFileReference; lastKnownFileType = sourcecode.swift; path = InAppNotificationStore.swift; sourceTree = "<group>"; };
		AAC0214CF19BC9B049587DD2 /* DataExportService.swift */ = {isa = PBXFileReference; lastKnownFileType = sourcecode.swift; path = DataExportService.swift; sourceTree = "<group>"; };
		AB8A02A4DD937DA413685E94 /* NotificationBellButton.swift */ = {isa = PBXFileReference; lastKnownFileType = sourcecode.swift; path = NotificationBellButton.swift; sourceTree = "<group>"; };
		AC9CEC58CBAB966112ABD7B6 /* AdminConfig.swift */ = {isa = PBXFileReference; lastKnownFileType = sourcecode.swift; path = AdminConfig.swift; sourceTree = "<group>"; };
		B3F4B383873B450BDB9EBCFB /* User.swift */ = {isa = PBXFileReference; lastKnownFileType = sourcecode.swift; path = User.swift; sourceTree = "<group>"; };
		C293F4AECBF489F35F283E96 /* ConnectionManagementView.swift */ = {isa = PBXFileReference; lastKnownFileType = sourcecode.swift; path = ConnectionManagementView.swift; sourceTree = "<group>"; };
		CB29C8AD10E6112E0F641E89 /* Utilities.swift */ = {isa = PBXFileReference; lastKnownFileType = sourcecode.swift; path = Utilities.swift; sourceTree = "<group>"; };
		CC1A6877C37650A65FF8A246 /* ReceiverDashboardView.swift */ = {isa = PBXFileReference; lastKnownFileType = sourcecode.swift; path = ReceiverDashboardView.swift; sourceTree = "<group>"; };
		CFB268101F549A3724217D24 /* AdminService.swift */ = {isa = PBXFileReference; lastKnownFileType = sourcecode.swift; path = AdminService.swift; sourceTree = "<group>"; };
		D34F909FDD4C4013CC4E5603 /* PingNotificationScheduler.swift */ = {isa = PBXFileReference; lastKnownFileType = sourcecode.swift; path = PingNotificationScheduler.swift; sourceTree = "<group>"; };
		D39F18349724A3F634ECAAAA /* PruufApp.swift */ = {isa = PBXFileReference; lastKnownFileType = sourcecode.swift; path = PruufApp.swift; sourceTree = "<group>"; };
		DB8DD3FE8A027630465F914B /* ScheduleBreakView.swift */ = {isa = PBXFileReference; lastKnownFileType = sourcecode.swift; path = ScheduleBreakView.swift; sourceTree = "<group>"; };
		E320B4E82F233BCD0015410B /* PRUUF copy-Info.plist */ = {isa = PBXFileReference; lastKnownFileType = text.plist.xml; name = "PRUUF copy-Info.plist"; path = "/Users/wesquire/Github/Pruuf_Swift/PRUUF copy-Info.plist"; sourceTree = "<absolute>"; };
		E4B56E5D8260FA764CAEB9BD /* ReceiverOnboardingViews.swift */ = {isa = PBXFileReference; lastKnownFileType = sourcecode.swift; path = ReceiverOnboardingViews.swift; sourceTree = "<group>"; };
		E95B59C9CDDFF6273EBFD980 /* LocationService.swift */ = {isa = PBXFileReference; lastKnownFileType = sourcecode.swift; path = LocationService.swift; sourceTree = "<group>"; };
		EAE7FF65A6FC660E3E73CF02 /* PRUUF.app */ = {isa = PBXFileReference; explicitFileType = wrapper.application; includeInIndex = 0; path = PRUUF.app; sourceTree = BUILT_PRODUCTS_DIR; };
		F1DA25FB10A8E94353E2C878 /* Extensions.swift */ = {isa = PBXFileReference; lastKnownFileType = sourcecode.swift; path = Extensions.swift; sourceTree = "<group>"; };
		F69E10D3F828040FC95C4473 /* UserService.swift */ = {isa = PBXFileReference; lastKnownFileType = sourcecode.swift; path = UserService.swift; sourceTree = "<group>"; };
		F76A9862B93FEAB80BCCEE79 /* SubscriptionFeature.swift */ = {isa = PBXFileReference; lastKnownFileType = sourcecode.swift; path = SubscriptionFeature.swift; sourceTree = "<group>"; };
		F8E9D838BD10C92CD6AB87E4 /* Notification.swift */ = {isa = PBXFileReference; lastKnownFileType = sourcecode.swift; path = Notification.swift; sourceTree = "<group>"; };
		FAB134A14899301B5FED5ACE /* DesignSystem.swift */ = {isa = PBXFileReference; lastKnownFileType = sourcecode.swift; path = DesignSystem.swift; sourceTree = "<group>"; };
		FBEE61D23B5921488DDAD27A /* NotificationsFeature.swift */ = {isa = PBXFileReference; lastKnownFileType = sourcecode.swift; path = NotificationsFeature.swift; sourceTree = "<group>"; };
		FDB6580CBEDB420D3992CEF5 /* AuditLog.swift */ = {isa = PBXFileReference; lastKnownFileType = sourcecode.swift; path = AuditLog.swift; sourceTree = "<group>"; };
/* End PBXFileReference section */

/* Begin PBXFrameworksBuildPhase section */
		F5608151DE30C6F8404774D0 /* Frameworks */ = {
			isa = PBXFrameworksBuildPhase;
			buildActionMask = 2147483647;
			files = (
				7D5B24C5D3DA0B7DB1182078 /* Supabase in Frameworks */,
				C8536B7C50230BB01A3B7C33 /* KeychainSwift in Frameworks */,
			);
			runOnlyForDeploymentPostprocessing = 0;
		};
/* End PBXFrameworksBuildPhase section */

/* Begin PBXGroup section */
		13588765BCC2840D80223CE0 /* Authentication */ = {
			isa = PBXGroup;
			children = (
				5C6CD4F4D55A913585776F09 /* AuthenticationFeature.swift */,
			);
			path = Authentication;
			sourceTree = "<group>";
		};
		268ADD0147E39ACDE8F07867 /* Onboarding */ = {
			isa = PBXGroup;
			children = (
				83980736708E7CFFABA6CEC6 /* OnboardingFeature.swift */,
				E4B56E5D8260FA764CAEB9BD /* ReceiverOnboardingViews.swift */,
				22217711CE2DA9FE3A91D88C /* SenderOnboardingViews.swift */,
			);
			path = Onboarding;
			sourceTree = "<group>";
		};
		273B685142F9D57A5B3523EC /* SenderDashboard */ = {
			isa = PBXGroup;
			children = (
				937DB6A451F782613F9BF136 /* SenderDashboardView.swift */,
				289DCD9977605891CCD89756 /* SenderDashboardViewModel.swift */,
			);
			path = SenderDashboard;
			sourceTree = "<group>";
		};
		2EC21EE91DE914AABAAAFBF4 /* Subscription */ = {
			isa = PBXGroup;
			children = (
				F76A9862B93FEAB80BCCEE79 /* SubscriptionFeature.swift */,
			);
			path = Subscription;
			sourceTree = "<group>";
		};
		342A86F2E582568F7333ACA1 /* Services */ = {
			isa = PBXGroup;
			children = (
				147AFFA3681CE7E828500C81 /* AccountManagementService.swift */,
				CFB268101F549A3724217D24 /* AdminService.swift */,
				3714C5814BA302E7282C68ED /* AuthService.swift */,
				2AFFDE53DE718BE0CB582B97 /* BreakService.swift */,
				0F12109BADAD0CF5F12375E4 /* ConnectionService.swift */,
				AAC0214CF19BC9B049587DD2 /* DataExportService.swift */,
				A98E8EC93A08132DE28D6EC0 /* InAppNotificationStore.swift */,
				2EACE436B1E398956A48E04B /* InvitationService.swift */,
				E95B59C9CDDFF6273EBFD980 /* LocationService.swift */,
				67A0A8A51F92CF00E3C02E0F /* NotificationPreferencesService.swift */,
				42A8BDC595446E9C8CC12ACB /* NotificationService.swift */,
				D34F909FDD4C4013CC4E5603 /* PingNotificationScheduler.swift */,
				2832DE48EFEC959439D86807 /* PingService.swift */,
				91E855913B97C1BC8178171E /* RoleSelectionService.swift */,
				9B07C87B628C56FB27ABEA62 /* StoreKitManager.swift */,
				6EB21BACDD2B81E0EDF9EE0E /* SubscriptionService.swift */,
				F69E10D3F828040FC95C4473 /* UserService.swift */,
			);
			path = Services;
			sourceTree = "<group>";
		};
		38C1F74E7C80227E85DE625F /* ReceiverDashboard */ = {
			isa = PBXGroup;
			children = (
				CC1A6877C37650A65FF8A246 /* ReceiverDashboardView.swift */,
				6FBF670D01AA88C138AC79B7 /* ReceiverDashboardViewModel.swift */,
			);
			path = ReceiverDashboard;
			sourceTree = "<group>";
		};
		416E3EFDFC3CFACA7ABF197A /* DesignSystem */ = {
			isa = PBXGroup;
			children = (
				FAB134A14899301B5FED5ACE /* DesignSystem.swift */,
			);
			path = DesignSystem;
			sourceTree = "<group>";
		};
		49B44C3BA634E102A3E95ECD /* Components */ = {
			isa = PBXGroup;
			children = (
				743475414BD5B8D4F3910F94 /* ChartsComponents.swift */,
				A38E81931D5B6B73C82B7239 /* LoadingStates.swift */,
				SCB02024020100000001 /* SenderCodeBadge.swift */,
				1C98C21D157084D521FEEFE4 /* SharedComponents.swift */,
			);
			path = Components;
			sourceTree = "<group>";
		};
		5025B4492173345FC7308764 /* Connections */ = {
			isa = PBXGroup;
			children = (
				C293F4AECBF489F35F283E96 /* ConnectionManagementView.swift */,
				6FDC624159F261833EA52979 /* ConnectionsFeature.swift */,
				RCVE2024020100000001 /* ReceiverCodeEntryView.swift */,
				CPVW2024020100000001 /* ContactPickerView.swift */,
			);
			path = Connections;
			sourceTree = "<group>";
		};
		57F47FB26F1D3D0EAC321000 /* Extensions */ = {
			isa = PBXGroup;
			children = (
				F1DA25FB10A8E94353E2C878 /* Extensions.swift */,
			);
			path = Extensions;
			sourceTree = "<group>";
		};
		5C605134004A87D2C14A5027 = {
			isa = PBXGroup;
			children = (
				AA0BC1602B892E7C2D295673 /* PRUUF */,
				8A67F664673FD9DA248D85F8 /* PRUUFTests */,
				A21C60481F387B846FBB5D36 /* Products */,
				E320B4E82F233BCD0015410B /* PRUUF copy-Info.plist */,
			);
			sourceTree = "<group>";
		};
		63AE0C04401327A9B8FDECCD /* Settings */ = {
			isa = PBXGroup;
			children = (
				620B04ABBDA8D46F757FB37C /* NotificationSettingsView.swift */,
				8EE4BCF3A8D0A7314F2222F6 /* SettingsFeature.swift */,
			);
			path = Settings;
			sourceTree = "<group>";
		};
		7D26AA095861D8D400EA2AF3 /* Notifications */ = {
			isa = PBXGroup;
			children = (
				AB8A02A4DD937DA413685E94 /* NotificationBellButton.swift */,
				8699F3BF552B853F924FE841 /* NotificationCenterView.swift */,
				FBEE61D23B5921488DDAD27A /* NotificationsFeature.swift */,
			);
			path = Notifications;
			sourceTree = "<group>";
		};
		82F67A8529AE679F0B2BE46C /* App */ = {
			isa = PBXGroup;
			children = (
				7C41599CE8DE6A5551B84222 /* AppDelegate.swift */,
				D39F18349724A3F634ECAAAA /* PruufApp.swift */,
			);
			path = App;
			sourceTree = "<group>";
		};
		8A67F664673FD9DA248D85F8 /* PRUUFTests */ = {
			isa = PBXGroup;
			children = (
				035302941FF15D0E10090949 /* BreakEdgeCaseTests.swift */,
				38F042C0BD40EFEE179B8DBD /* InAppNotificationTests.swift */,
				8C7D6794FA670B839D338043 /* PingNotificationSchedulerTests.swift */,
				447ED6F2BED7FA787DBB9F70 /* PRUUFTests.swift */,
				04582E7880F409C5238503A4 /* UserStoriesNotificationsTests.swift */,
			);
			name = PRUUFTests;
			path = Tests/PRUUFTests;
			sourceTree = "<group>";
		};
		94F86440805C74B64F96560B /* Shared */ = {
			isa = PBXGroup;
			children = (
				49B44C3BA634E102A3E95ECD /* Components */,
				416E3EFDFC3CFACA7ABF197A /* DesignSystem */,
				57F47FB26F1D3D0EAC321000 /* Extensions */,
				A0B01B36FBE53F5CDAF701FD /* Utilities */,
			);
			path = Shared;
			sourceTree = "<group>";
		};
		9F1A5FC4A39C02DD783D4EEC /* Core */ = {
			isa = PBXGroup;
			children = (
				FD6430DA55E7CBC8D3D2D09F /* Config */,
				AF8819176907E74376A8BDAA /* Models */,
				342A86F2E582568F7333ACA1 /* Services */,
			);
			path = Core;
			sourceTree = "<group>";
		};
		A0B01B36FBE53F5CDAF701FD /* Utilities */ = {
			isa = PBXGroup;
			children = (
				CB29C8AD10E6112E0F641E89 /* Utilities.swift */,
			);
			path = Utilities;
			sourceTree = "<group>";
		};
		A21C60481F387B846FBB5D36 /* Products */ = {
			isa = PBXGroup;
			children = (
				EAE7FF65A6FC660E3E73CF02 /* PRUUF.app */,
				2B637B480680521EDCA26D93 /* PRUUFTests.xctest */,
			);
			name = Products;
			sourceTree = "<group>";
		};
		AA0BC1602B892E7C2D295673 /* PRUUF */ = {
			isa = PBXGroup;
			children = (
				82F67A8529AE679F0B2BE46C /* App */,
				9F1A5FC4A39C02DD783D4EEC /* Core */,
				F66600319DB433B64591E2B3 /* Features */,
				BC3C505278AA0FDA4E3D0499 /* Resources */,
				94F86440805C74B64F96560B /* Shared */,
			);
			path = PRUUF;
			sourceTree = "<group>";
		};
		AF3FF9228A41F2DA5C0A40C2 /* Dashboard */ = {
			isa = PBXGroup;
			children = (
				93D1D149C7E95D11E447D36D /* DashboardFeature.swift */,
				38C1F74E7C80227E85DE625F /* ReceiverDashboard */,
				273B685142F9D57A5B3523EC /* SenderDashboard */,
			);
			path = Dashboard;
			sourceTree = "<group>";
		};
		AF8819176907E74376A8BDAA /* Models */ = {
			isa = PBXGroup;
			children = (
				FDB6580CBEDB420D3992CEF5 /* AuditLog.swift */,
				466EAFFA3EC645213B045955 /* Break.swift */,
				51B7F6B4B50C095F69781178 /* Connection.swift */,
				F8E9D838BD10C92CD6AB87E4 /* Notification.swift */,
				715027D4DA73F66B715CEE44 /* PaymentTransaction.swift */,
				2FE07DA61A96C0E67F6D1519 /* Ping.swift */,
				B3F4B383873B450BDB9EBCFB /* User.swift */,
			);
			path = Models;
			sourceTree = "<group>";
		};
		B72539A43CB8227BD59916D9 /* Breaks */ = {
			isa = PBXGroup;
			children = (
				68742213A93F2E833815C196 /* BreakDetailView.swift */,
				425D8EC4A5A427E848B0A67B /* BreaksListView.swift */,
				DB8DD3FE8A027630465F914B /* ScheduleBreakView.swift */,
			);
			path = Breaks;
			sourceTree = "<group>";
		};
		BC3C505278AA0FDA4E3D0499 /* Resources */ = {
			isa = PBXGroup;
			children = (
				93D1F881EB3F3716A03EE1BD /* Assets.xcassets */,
				62BEC73AD229C49FB74D9599 /* Info.plist */,
				939BAE5FB0ED9B0E5B6DEA96 /* PRUUF.entitlements */,
				22459EF84AE7D0111D0729AC /* Subscription.storekit */,
			);
			path = Resources;
			sourceTree = "<group>";
		};
		C61953024D999F83637A1048 /* Admin */ = {
			isa = PBXGroup;
			children = (
				4128AD51454ACAA14882FE18 /* AdminDashboardFeature.swift */,
			);
			path = Admin;
			sourceTree = "<group>";
		};
		F66600319DB433B64591E2B3 /* Features */ = {
			isa = PBXGroup;
			children = (
				C61953024D999F83637A1048 /* Admin */,
				13588765BCC2840D80223CE0 /* Authentication */,
				B72539A43CB8227BD59916D9 /* Breaks */,
				5025B4492173345FC7308764 /* Connections */,
				AF3FF9228A41F2DA5C0A40C2 /* Dashboard */,
				7D26AA095861D8D400EA2AF3 /* Notifications */,
				268ADD0147E39ACDE8F07867 /* Onboarding */,
				63AE0C04401327A9B8FDECCD /* Settings */,
				2EC21EE91DE914AABAAAFBF4 /* Subscription */,
			);
			path = Features;
			sourceTree = "<group>";
		};
		FD6430DA55E7CBC8D3D2D09F /* Config */ = {
			isa = PBXGroup;
			children = (
				AC9CEC58CBAB966112ABD7B6 /* AdminConfig.swift */,
				1800878F829F3179C0A0BFAD /* Config.swift */,
				362C819F2E7B1F737E87E253 /* SupabaseConfig.swift */,
			);
			path = Config;
			sourceTree = "<group>";
		};
/* End PBXGroup section */

/* Begin PBXNativeTarget section */
		9BF1BFD9CF086696F5C1E969 /* PRUUF */ = {
			isa = PBXNativeTarget;
			buildConfigurationList = C3277A001E2F9D73F195D38C /* Build configuration list for PBXNativeTarget "PRUUF" */;
			buildPhases = (
				814C09333D3F3E7E62971C70 /* Sources */,
				A2BBEF0820A9D7080A0749DF /* Resources */,
				F5608151DE30C6F8404774D0 /* Frameworks */,
			);
			buildRules = (
			);
			dependencies = (
			);
			name = PRUUF;
			packageProductDependencies = (
				124AB8DE4A8F44DD0E5CCBD9 /* Supabase */,
				BBFF1B8156A79AD50CD222B3 /* KeychainSwift */,
			);
			productName = PRUUF;
			productReference = EAE7FF65A6FC660E3E73CF02 /* PRUUF.app */;
			productType = "com.apple.product-type.application";
		};
		ADBA5046F550BC7AB4F02CB2 /* PRUUFTests */ = {
			isa = PBXNativeTarget;
			buildConfigurationList = 98B0987257583B0529C88B5D /* Build configuration list for PBXNativeTarget "PRUUFTests" */;
			buildPhases = (
				BE120BA157794A7206D1E9BA /* Sources */,
			);
			buildRules = (
			);
			dependencies = (
				3BFC316606A19B72BC29F9FD /* PBXTargetDependency */,
			);
			name = PRUUFTests;
			packageProductDependencies = (
			);
			productName = PRUUFTests;
			productReference = 2B637B480680521EDCA26D93 /* PRUUFTests.xctest */;
			productType = "com.apple.product-type.bundle.unit-test";
		};
/* End PBXNativeTarget section */

/* Begin PBXProject section */
		51A74216B3B4B02DA1B130AB /* Project object */ = {
			isa = PBXProject;
			attributes = {
				BuildIndependentTargetsInParallel = YES;
				LastUpgradeCheck = 2620;
				TargetAttributes = {
					ADBA5046F550BC7AB4F02CB2 = {
						DevelopmentTeam = "";
					};
				};
			};
			buildConfigurationList = 775D6F4D97AAD76A0AB07945 /* Build configuration list for PBXProject "PRUUF" */;
			compatibilityVersion = "Xcode 14.0";
			developmentRegion = en;
			hasScannedForEncodings = 0;
			knownRegions = (
				Base,
				en,
			);
			mainGroup = 5C605134004A87D2C14A5027;
			minimizedProjectReferenceProxies = 1;
			packageReferences = (
				E5A17A7FE46B9827B08B736E /* XCRemoteSwiftPackageReference "keychain-swift" */,
				D9A57D1140807FA97DB06D0A /* XCRemoteSwiftPackageReference "supabase-swift" */,
			);
			projectDirPath = "";
			projectRoot = "";
			targets = (
				9BF1BFD9CF086696F5C1E969 /* PRUUF */,
				ADBA5046F550BC7AB4F02CB2 /* PRUUFTests */,
			);
		};
/* End PBXProject section */

/* Begin PBXResourcesBuildPhase section */
		A2BBEF0820A9D7080A0749DF /* Resources */ = {
			isa = PBXResourcesBuildPhase;
			buildActionMask = 2147483647;
			files = (
				57E6B0833E574E1DAE7E8565 /* Assets.xcassets in Resources */,
				14F16803DACA4FD6D621A824 /* Subscription.storekit in Resources */,
			);
			runOnlyForDeploymentPostprocessing = 0;
		};
/* End PBXResourcesBuildPhase section */

/* Begin PBXSourcesBuildPhase section */
		814C09333D3F3E7E62971C70 /* Sources */ = {
			isa = PBXSourcesBuildPhase;
			buildActionMask = 2147483647;
			files = (
				50C31CBECE0970D5C6EF474C /* AccountManagementService.swift in Sources */,
				C7822139FF38FFE96A4EBEAD /* AdminConfig.swift in Sources */,
				8A82794B8B1D28641A8EBE47 /* AdminDashboardFeature.swift in Sources */,
				0A517F527A976EF5024703D6 /* AdminService.swift in Sources */,
				9EBEBFF029E9502F604F290B /* AppDelegate.swift in Sources */,
				A5EBFA2FA27FE9F5B1BD3B13 /* AuditLog.swift in Sources */,
				682D6BA17EB3B29A3BFCF2ED /* AuthService.swift in Sources */,
				9D3F05E46E20C8CDC6DA7D77 /* AuthenticationFeature.swift in Sources */,
				950CA1C8C9A41D92C6D5DAA1 /* Break.swift in Sources */,
				C8A7B2EC826C0C64805206E3 /* BreakDetailView.swift in Sources */,
				63A81CF3A8F5F7C9B9542D40 /* BreakService.swift in Sources */,
				6EE1279EE9DCED90EB66B36D /* BreaksListView.swift in Sources */,
				04C5C8BA964F70130DE8BFEE /* ChartsComponents.swift in Sources */,
				F037100AED2284E444F4C249 /* Config.swift in Sources */,
				1D20D179D774AC564A8D28E9 /* Connection.swift in Sources */,
				243700801CF51894FD86773D /* ConnectionManagementView.swift in Sources */,
				85C16DB07D1272F973AE3746 /* ConnectionService.swift in Sources */,
				EA18A5C2DFF684546C1095ED /* ConnectionsFeature.swift in Sources */,
				RCVE2024020100000002 /* ReceiverCodeEntryView.swift in Sources */,
				CPVW2024020100000002 /* ContactPickerView.swift in Sources */,
				54E847C635BC97448BCB8A42 /* DashboardFeature.swift in Sources */,
				D5A8D10CABA6ED2A65089CBF /* DataExportService.swift in Sources */,
				AB56D9E5CDF2026DDA73D159 /* DesignSystem.swift in Sources */,
				C22EAA9D6C2365AE706A5FAA /* Extensions.swift in Sources */,
				BD2D1A09302C35DE5E81A54A /* InAppNotificationStore.swift in Sources */,
				1B5FDEFE51415F08F0D1556C /* InvitationService.swift in Sources */,
				4F27853372701CF4F9D9446D /* LoadingStates.swift in Sources */,
				87CB1637BFA7F66765BB4835 /* LocationService.swift in Sources */,
				D54FC1F80E90E7AAF14088F0 /* Notification.swift in Sources */,
				1A9F5F317520A5460B189FA7 /* NotificationBellButton.swift in Sources */,
				4C6563BF4FEEA2D5A747E27F /* NotificationCenterView.swift in Sources */,
				589B39EE4D369CAF371A8E7F /* NotificationPreferencesService.swift in Sources */,
				A122FB096D87D6358885ACDA /* NotificationService.swift in Sources */,
				7A9BCD8B56B0F527209D69C3 /* NotificationSettingsView.swift in Sources */,
				DCFFCAC7644D9CEE2DE5E809 /* NotificationsFeature.swift in Sources */,
				A0681D166FA210D70F0EBF6C /* OnboardingFeature.swift in Sources */,
				025936252521DFF041ED52CA /* PaymentTransaction.swift in Sources */,
				B63DF45F41A0090A176B6A69 /* Ping.swift in Sources */,
				F2BE7BF54B84D79637FB5CCB /* PingNotificationScheduler.swift in Sources */,
				D14D459617817F5848C0A65B /* PingService.swift in Sources */,
				66564D13C4AF930F2D735298 /* PruufApp.swift in Sources */,
				7C59A0E670440311D6FE1932 /* ReceiverDashboardView.swift in Sources */,
				75C00EF6D003538AA56CB929 /* ReceiverDashboardViewModel.swift in Sources */,
				710920E33C55613B60C72DF6 /* ReceiverOnboardingViews.swift in Sources */,
				A5AF3501ECB68A6980DDD997 /* RoleSelectionService.swift in Sources */,
				537FBB1EFB84C4025C375A84 /* ScheduleBreakView.swift in Sources */,
				ACC1D2A358595055DC47F790 /* SenderDashboardView.swift in Sources */,
				3671141663B151B7F2AF4192 /* SenderDashboardViewModel.swift in Sources */,
				DF7E318739E67111670BA0EB /* SenderOnboardingViews.swift in Sources */,
				E5B1EC9D86F70299D72C1CB3 /* SettingsFeature.swift in Sources */,
				9DF083FC66F706BE8F6CF4A4 /* SharedComponents.swift in Sources */,
				SCB02024020100000002 /* SenderCodeBadge.swift in Sources */,
				40281519BB49DB9C5CC04CDE /* StoreKitManager.swift in Sources */,
				C70AB324606EBB4420B40D10 /* SubscriptionFeature.swift in Sources */,
				22267D93511B9331AE3D45C7 /* SubscriptionService.swift in Sources */,
				A658FFF48522103A7E4F2AA6 /* SupabaseConfig.swift in Sources */,
				F83AFEE375534AAF33DEB92F /* User.swift in Sources */,
				013626EBC3F0D2330922DBB4 /* UserService.swift in Sources */,
				5B86045EB27DD380D14E9D8D /* Utilities.swift in Sources */,
			);
			runOnlyForDeploymentPostprocessing = 0;
		};
		BE120BA157794A7206D1E9BA /* Sources */ = {
			isa = PBXSourcesBuildPhase;
			buildActionMask = 2147483647;
			files = (
				4CB7613A12F4F6C38627F016 /* BreakEdgeCaseTests.swift in Sources */,
				051151F0A2AF98CC9CB19196 /* InAppNotificationTests.swift in Sources */,
				47F69638D00C925F991A3DDC /* PRUUFTests.swift in Sources */,
				5875D4FDC60A8286D72744D5 /* PingNotificationSchedulerTests.swift in Sources */,
				8456AB75868B1CEC4D381763 /* UserStoriesNotificationsTests.swift in Sources */,
			);
			runOnlyForDeploymentPostprocessing = 0;
		};
/* End PBXSourcesBuildPhase section */

/* Begin PBXTargetDependency section */
		3BFC316606A19B72BC29F9FD /* PBXTargetDependency */ = {
			isa = PBXTargetDependency;
			target = 9BF1BFD9CF086696F5C1E969 /* PRUUF */;
			targetProxy = CFAC312E880A972C2D30ED7F /* PBXContainerItemProxy */;
		};
/* End PBXTargetDependency section */

/* Begin XCBuildConfiguration section */
		380A303CC2D8719ACF1445F1 /* Release */ = {
			isa = XCBuildConfiguration;
			buildSettings = {
				ALWAYS_SEARCH_USER_PATHS = NO;
				ASSETCATALOG_COMPILER_GENERATE_SWIFT_ASSET_SYMBOL_EXTENSIONS = YES;
				CLANG_ANALYZER_NONNULL = YES;
				CLANG_ANALYZER_NUMBER_OBJECT_CONVERSION = YES_AGGRESSIVE;
				CLANG_CXX_LANGUAGE_STANDARD = "gnu++14";
				CLANG_CXX_LIBRARY = "libc++";
				CLANG_ENABLE_MODULES = YES;
				CLANG_ENABLE_OBJC_ARC = YES;
				CLANG_ENABLE_OBJC_WEAK = YES;
				CLANG_WARN_BLOCK_CAPTURE_AUTORELEASING = YES;
				CLANG_WARN_BOOL_CONVERSION = YES;
				CLANG_WARN_COMMA = YES;
				CLANG_WARN_CONSTANT_CONVERSION = YES;
				CLANG_WARN_DEPRECATED_OBJC_IMPLEMENTATIONS = YES;
				CLANG_WARN_DIRECT_OBJC_ISA_USAGE = YES_ERROR;
				CLANG_WARN_DOCUMENTATION_COMMENTS = YES;
				CLANG_WARN_EMPTY_BODY = YES;
				CLANG_WARN_ENUM_CONVERSION = YES;
				CLANG_WARN_INFINITE_RECURSION = YES;
				CLANG_WARN_INT_CONVERSION = YES;
				CLANG_WARN_NON_LITERAL_NULL_CONVERSION = YES;
				CLANG_WARN_OBJC_IMPLICIT_RETAIN_SELF = YES;
				CLANG_WARN_OBJC_LITERAL_CONVERSION = YES;
				CLANG_WARN_OBJC_ROOT_CLASS = YES_ERROR;
				CLANG_WARN_QUOTED_INCLUDE_IN_FRAMEWORK_HEADER = YES;
				CLANG_WARN_RANGE_LOOP_ANALYSIS = YES;
				CLANG_WARN_STRICT_PROTOTYPES = YES;
				CLANG_WARN_SUSPICIOUS_MOVE = YES;
				CLANG_WARN_UNGUARDED_AVAILABILITY = YES_AGGRESSIVE;
				CLANG_WARN_UNREACHABLE_CODE = YES;
				CLANG_WARN__DUPLICATE_METHOD_MATCH = YES;
				CODE_SIGNING_ALLOWED = NO;
				CODE_SIGNING_IDENTITY = "";
				CODE_SIGNING_REQUIRED = NO;
				COPY_PHASE_STRIP = NO;
				DEBUG_INFORMATION_FORMAT = "dwarf-with-dsym";
				DEVELOPMENT_TEAM = "";
				ENABLE_NS_ASSERTIONS = NO;
				ENABLE_STRICT_OBJC_MSGSEND = YES;
				ENABLE_USER_SCRIPT_SANDBOXING = YES;
				GCC_C_LANGUAGE_STANDARD = gnu11;
				GCC_NO_COMMON_BLOCKS = YES;
				GCC_WARN_64_TO_32_BIT_CONVERSION = YES;
				GCC_WARN_ABOUT_RETURN_TYPE = YES_ERROR;
				GCC_WARN_UNDECLARED_SELECTOR = YES;
				GCC_WARN_UNINITIALIZED_AUTOS = YES_AGGRESSIVE;
				GCC_WARN_UNUSED_FUNCTION = YES;
				GCC_WARN_UNUSED_VARIABLE = YES;
				IPHONEOS_DEPLOYMENT_TARGET = 15.0;
				MTL_ENABLE_DEBUG_INFO = NO;
				MTL_FAST_MATH = YES;
				PRODUCT_NAME = "$(TARGET_NAME)";
				SDKROOT = iphoneos;
				STRING_CATALOG_GENERATE_SYMBOLS = YES;
				SWIFT_COMPILATION_MODE = wholemodule;
				SWIFT_OPTIMIZATION_LEVEL = "-O";
				SWIFT_VERSION = 5.0;
			};
			name = Release;
		};
		43AD3A906FFDE55BFDA8536C /* Debug */ = {
			isa = XCBuildConfiguration;
			buildSettings = {
				BUNDLE_LOADER = "$(TEST_HOST)";
				IPHONEOS_DEPLOYMENT_TARGET = 15.0;
				LD_RUNPATH_SEARCH_PATHS = (
					"$(inherited)",
					"@executable_path/Frameworks",
					"@loader_path/Frameworks",
				);
				SDKROOT = iphoneos;
				TARGETED_DEVICE_FAMILY = "1,2";
				TEST_HOST = "$(BUILT_PRODUCTS_DIR)/PRUUF.app/PRUUF";
			};
			name = Debug;
		};
		67FBE861F4738B42E4A0B094 /* Release */ = {
			isa = XCBuildConfiguration;
			buildSettings = {
				ASSETCATALOG_COMPILER_APPICON_NAME = AppIcon;
				CODE_SIGNING_ALLOWED = YES;
				"CODE_SIGNING_IDENTITY[arch=*]" = "";
				CODE_SIGNING_REQUIRED = NO;
				CODE_SIGN_ENTITLEMENTS = PRUUF/Resources/PRUUF.entitlements;
				CODE_SIGN_IDENTITY = "Apple Development";
				CODE_SIGN_STYLE = Automatic;
				DEVELOPMENT_TEAM = XZAXF7Q3JG;
				INFOPLIST_FILE = PRUUF/Resources/Info.plist;
				INFOPLIST_KEY_LSApplicationCategoryType = "public.app-category.lifestyle";
				INFOPLIST_KEY_UILaunchScreen_Generation = YES;
				INFOPLIST_KEY_UIRequiresFullScreen = YES;
				INFOPLIST_KEY_UISupportedInterfaceOrientations = UIInterfaceOrientationPortrait;
				INFOPLIST_KEY_UISupportedInterfaceOrientations_iPad = UIInterfaceOrientationPortrait;
				IPHONEOS_DEPLOYMENT_TARGET = 15.0;
				LD_RUNPATH_SEARCH_PATHS = (
					"$(inherited)",
					"@executable_path/Frameworks",
				);
				PRODUCT_BUNDLE_IDENTIFIER = Me.pruuf.app;
				PROVISIONING_PROFILE_SPECIFIER = "";
				SDKROOT = iphoneos;
				TARGETED_DEVICE_FAMILY = "1,2";
			};
			name = Release;
		};
		AE75773E8C1F7415C6C2FFFA /* Release */ = {
			isa = XCBuildConfiguration;
			buildSettings = {
				BUNDLE_LOADER = "$(TEST_HOST)";
				IPHONEOS_DEPLOYMENT_TARGET = 15.0;
				LD_RUNPATH_SEARCH_PATHS = (
					"$(inherited)",
					"@executable_path/Frameworks",
					"@loader_path/Frameworks",
				);
				SDKROOT = iphoneos;
				TARGETED_DEVICE_FAMILY = "1,2";
				TEST_HOST = "$(BUILT_PRODUCTS_DIR)/PRUUF.app/PRUUF";
			};
			name = Release;
		};
		CD877F5422A59B0C63F53922 /* Debug */ = {
			isa = XCBuildConfiguration;
			buildSettings = {
				ASSETCATALOG_COMPILER_APPICON_NAME = AppIcon;
				CODE_SIGNING_ALLOWED = YES;
				CODE_SIGNING_REQUIRED = NO;
				CODE_SIGN_ENTITLEMENTS = PRUUF/Resources/PRUUF.entitlements;
				"CODE_SIGN_ENTITLEMENTS[sdk=*]" = PRUUF/Resources/PRUUF.entitlements;
				CODE_SIGN_IDENTITY = "Apple Development";
				CODE_SIGN_STYLE = Automatic;
				DEVELOPMENT_TEAM = XZAXF7Q3JG;
				INFOPLIST_FILE = PRUUF/Resources/Info.plist;
				INFOPLIST_KEY_LSApplicationCategoryType = "public.app-category.lifestyle";
				INFOPLIST_KEY_UILaunchScreen_Generation = YES;
				INFOPLIST_KEY_UIRequiresFullScreen = YES;
				INFOPLIST_KEY_UISupportedInterfaceOrientations = UIInterfaceOrientationPortrait;
				INFOPLIST_KEY_UISupportedInterfaceOrientations_iPad = UIInterfaceOrientationPortrait;
				IPHONEOS_DEPLOYMENT_TARGET = 15.0;
				LD_RUNPATH_SEARCH_PATHS = (
					"$(inherited)",
					"@executable_path/Frameworks",
				);
				PRODUCT_BUNDLE_IDENTIFIER = Me.pruuf.app;
				PROVISIONING_PROFILE_SPECIFIER = "";
				SDKROOT = iphoneos;
				TARGETED_DEVICE_FAMILY = "1,2";
			};
			name = Debug;
		};
		CDF22ADB00F1D00131541FD5 /* Debug */ = {
			isa = XCBuildConfiguration;
			buildSettings = {
				ALWAYS_SEARCH_USER_PATHS = NO;
				ASSETCATALOG_COMPILER_GENERATE_SWIFT_ASSET_SYMBOL_EXTENSIONS = YES;
				CLANG_ANALYZER_NONNULL = YES;
				CLANG_ANALYZER_NUMBER_OBJECT_CONVERSION = YES_AGGRESSIVE;
				CLANG_CXX_LANGUAGE_STANDARD = "gnu++14";
				CLANG_CXX_LIBRARY = "libc++";
				CLANG_ENABLE_MODULES = YES;
				CLANG_ENABLE_OBJC_ARC = YES;
				CLANG_ENABLE_OBJC_WEAK = YES;
				CLANG_WARN_BLOCK_CAPTURE_AUTORELEASING = YES;
				CLANG_WARN_BOOL_CONVERSION = YES;
				CLANG_WARN_COMMA = YES;
				CLANG_WARN_CONSTANT_CONVERSION = YES;
				CLANG_WARN_DEPRECATED_OBJC_IMPLEMENTATIONS = YES;
				CLANG_WARN_DIRECT_OBJC_ISA_USAGE = YES_ERROR;
				CLANG_WARN_DOCUMENTATION_COMMENTS = YES;
				CLANG_WARN_EMPTY_BODY = YES;
				CLANG_WARN_ENUM_CONVERSION = YES;
				CLANG_WARN_INFINITE_RECURSION = YES;
				CLANG_WARN_INT_CONVERSION = YES;
				CLANG_WARN_NON_LITERAL_NULL_CONVERSION = YES;
				CLANG_WARN_OBJC_IMPLICIT_RETAIN_SELF = YES;
				CLANG_WARN_OBJC_LITERAL_CONVERSION = YES;
				CLANG_WARN_OBJC_ROOT_CLASS = YES_ERROR;
				CLANG_WARN_QUOTED_INCLUDE_IN_FRAMEWORK_HEADER = YES;
				CLANG_WARN_RANGE_LOOP_ANALYSIS = YES;
				CLANG_WARN_STRICT_PROTOTYPES = YES;
				CLANG_WARN_SUSPICIOUS_MOVE = YES;
				CLANG_WARN_UNGUARDED_AVAILABILITY = YES_AGGRESSIVE;
				CLANG_WARN_UNREACHABLE_CODE = YES;
				CLANG_WARN__DUPLICATE_METHOD_MATCH = YES;
				CODE_SIGNING_ALLOWED = NO;
				CODE_SIGNING_IDENTITY = "";
				CODE_SIGNING_REQUIRED = NO;
				COPY_PHASE_STRIP = NO;
				DEBUG_INFORMATION_FORMAT = dwarf;
				DEVELOPMENT_TEAM = "";
				"DEVELOPMENT_TEAM[sdk=*]" = "";
				ENABLE_STRICT_OBJC_MSGSEND = YES;
				ENABLE_TESTABILITY = YES;
				ENABLE_USER_SCRIPT_SANDBOXING = YES;
				GCC_C_LANGUAGE_STANDARD = gnu11;
				GCC_DYNAMIC_NO_PIC = NO;
				GCC_NO_COMMON_BLOCKS = YES;
				GCC_OPTIMIZATION_LEVEL = 0;
				GCC_PREPROCESSOR_DEFINITIONS = (
					"$(inherited)",
					"DEBUG=1",
				);
				GCC_WARN_64_TO_32_BIT_CONVERSION = YES;
				GCC_WARN_ABOUT_RETURN_TYPE = YES_ERROR;
				GCC_WARN_UNDECLARED_SELECTOR = YES;
				GCC_WARN_UNINITIALIZED_AUTOS = YES_AGGRESSIVE;
				GCC_WARN_UNUSED_FUNCTION = YES;
				GCC_WARN_UNUSED_VARIABLE = YES;
				IPHONEOS_DEPLOYMENT_TARGET = 15.0;
				MTL_ENABLE_DEBUG_INFO = INCLUDE_SOURCE;
				MTL_FAST_MATH = YES;
				ONLY_ACTIVE_ARCH = YES;
				PRODUCT_NAME = "$(TARGET_NAME)";
				SDKROOT = iphoneos;
				STRING_CATALOG_GENERATE_SYMBOLS = YES;
				SWIFT_ACTIVE_COMPILATION_CONDITIONS = DEBUG;
				SWIFT_OPTIMIZATION_LEVEL = "-Onone";
				SWIFT_VERSION = 5.0;
			};
			name = Debug;
		};
/* End XCBuildConfiguration section */

/* Begin XCConfigurationList section */
		775D6F4D97AAD76A0AB07945 /* Build configuration list for PBXProject "PRUUF" */ = {
			isa = XCConfigurationList;
			buildConfigurations = (
				CDF22ADB00F1D00131541FD5 /* Debug */,
				380A303CC2D8719ACF1445F1 /* Release */,
			);
			defaultConfigurationIsVisible = 0;
			defaultConfigurationName = Debug;
		};
		98B0987257583B0529C88B5D /* Build configuration list for PBXNativeTarget "PRUUFTests" */ = {
			isa = XCConfigurationList;
			buildConfigurations = (
				43AD3A906FFDE55BFDA8536C /* Debug */,
				AE75773E8C1F7415C6C2FFFA /* Release */,
			);
			defaultConfigurationIsVisible = 0;
			defaultConfigurationName = Debug;
		};
		C3277A001E2F9D73F195D38C /* Build configuration list for PBXNativeTarget "PRUUF" */ = {
			isa = XCConfigurationList;
			buildConfigurations = (
				CD877F5422A59B0C63F53922 /* Debug */,
				67FBE861F4738B42E4A0B094 /* Release */,
			);
			defaultConfigurationIsVisible = 0;
			defaultConfigurationName = Debug;
		};
/* End XCConfigurationList section */

/* Begin XCRemoteSwiftPackageReference section */
		D9A57D1140807FA97DB06D0A /* XCRemoteSwiftPackageReference "supabase-swift" */ = {
			isa = XCRemoteSwiftPackageReference;
			repositoryURL = "https://github.com/supabase/supabase-swift.git";
			requirement = {
				kind = upToNextMajorVersion;
				minimumVersion = 2.0.0;
			};
		};
		E5A17A7FE46B9827B08B736E /* XCRemoteSwiftPackageReference "keychain-swift" */ = {
			isa = XCRemoteSwiftPackageReference;
			repositoryURL = "https://github.com/evgenyneu/keychain-swift.git";
			requirement = {
				kind = upToNextMajorVersion;
				minimumVersion = 24.0.0;
			};
		};
/* End XCRemoteSwiftPackageReference section */

/* Begin XCSwiftPackageProductDependency section */
		124AB8DE4A8F44DD0E5CCBD9 /* Supabase */ = {
			isa = XCSwiftPackageProductDependency;
			package = D9A57D1140807FA97DB06D0A /* XCRemoteSwiftPackageReference "supabase-swift" */;
			productName = Supabase;
		};
		BBFF1B8156A79AD50CD222B3 /* KeychainSwift */ = {
			isa = XCSwiftPackageProductDependency;
			package = E5A17A7FE46B9827B08B736E /* XCRemoteSwiftPackageReference "keychain-swift" */;
			productName = KeychainSwift;
		};
/* End XCSwiftPackageProductDependency section */
	};
	rootObject = 51A74216B3B4B02DA1B130AB /* Project object */;
}
